{
	"name": "rsbuild-plugin-wasmpack",
	"version": "0.0.3",
	"lockfileVersion": 3,
	"requires": true,
	"packages": {
		"": {
			"name": "rsbuild-plugin-wasmpack",
			"version": "0.0.3",
			"license": "MIT",
			"dependencies": {
				"js-toml": "^1.0.1",
				"typescript": "^5.6.3"
			},
			"devDependencies": {
				"@biomejs/biome": "1.9.4",
				"@playwright/test": "^1.49.0",
				"@rsbuild/core": "^1.1.4",
				"@rslib/core": "0.1.0",
				"@types/cross-spawn": "^6.0.6",
				"@types/node": "^22.14.1",
				"cross-spawn": "^7.0.6",
				"playwright": "^1.49.0"
			},
			"peerDependencies": {
				"@rsbuild/core": "^1.1.4"
			},
			"peerDependenciesMeta": {
				"@rsbuild/core": {
					"optional": true
				}
			}
		},
		"node_modules/@babel/runtime-corejs3": {
			"version": "7.27.0",
			"resolved": "https://registry.npmjs.org/@babel/runtime-corejs3/-/runtime-corejs3-7.27.0.tgz",
			"integrity": "sha512-UWjX6t+v+0ckwZ50Y5ShZLnlk95pP5MyW/pon9tiYzl3+18pkTHTFNTKr7rQbfRXPkowt2QAn30o1b6oswszew==",
			"license": "MIT",
			"dependencies": {
				"core-js-pure": "^3.30.2",
				"regenerator-runtime": "^0.14.0"
			},
			"engines": {
				"node": ">=6.9.0"
			}
		},
		"node_modules/@biomejs/biome": {
			"version": "1.9.4",
			"resolved": "https://registry.npmjs.org/@biomejs/biome/-/biome-1.9.4.tgz",
			"integrity": "sha512-1rkd7G70+o9KkTn5KLmDYXihGoTaIGO9PIIN2ZB7UJxFrWw04CZHPYiMRjYsaDvVV7hP1dYNRLxSANLaBFGpog==",
			"dev": true,
			"hasInstallScript": true,
			"license": "MIT OR Apache-2.0",
			"bin": {
				"biome": "bin/biome"
			},
			"engines": {
				"node": ">=14.21.3"
			},
			"funding": {
				"type": "opencollective",
				"url": "https://opencollective.com/biome"
			},
			"optionalDependencies": {
				"@biomejs/cli-darwin-arm64": "1.9.4",
				"@biomejs/cli-darwin-x64": "1.9.4",
				"@biomejs/cli-linux-arm64": "1.9.4",
				"@biomejs/cli-linux-arm64-musl": "1.9.4",
				"@biomejs/cli-linux-x64": "1.9.4",
				"@biomejs/cli-linux-x64-musl": "1.9.4",
				"@biomejs/cli-win32-arm64": "1.9.4",
				"@biomejs/cli-win32-x64": "1.9.4"
			}
		},
		"node_modules/@biomejs/cli-darwin-arm64": {
			"version": "1.9.4",
			"resolved": "https://registry.npmjs.org/@biomejs/cli-darwin-arm64/-/cli-darwin-arm64-1.9.4.tgz",
			"integrity": "sha512-bFBsPWrNvkdKrNCYeAp+xo2HecOGPAy9WyNyB/jKnnedgzl4W4Hb9ZMzYNbf8dMCGmUdSavlYHiR01QaYR58cw==",
			"cpu": [
				"arm64"
			],
			"dev": true,
			"license": "MIT OR Apache-2.0",
			"optional": true,
			"os": [
				"darwin"
			],
			"engines": {
				"node": ">=14.21.3"
			}
		},
		"node_modules/@biomejs/cli-darwin-x64": {
			"version": "1.9.4",
			"resolved": "https://registry.npmjs.org/@biomejs/cli-darwin-x64/-/cli-darwin-x64-1.9.4.tgz",
			"integrity": "sha512-ngYBh/+bEedqkSevPVhLP4QfVPCpb+4BBe2p7Xs32dBgs7rh9nY2AIYUL6BgLw1JVXV8GlpKmb/hNiuIxfPfZg==",
			"cpu": [
				"x64"
			],
			"dev": true,
			"license": "MIT OR Apache-2.0",
			"optional": true,
			"os": [
				"darwin"
			],
			"engines": {
				"node": ">=14.21.3"
			}
		},
		"node_modules/@biomejs/cli-linux-arm64": {
			"version": "1.9.4",
			"resolved": "https://registry.npmjs.org/@biomejs/cli-linux-arm64/-/cli-linux-arm64-1.9.4.tgz",
			"integrity": "sha512-fJIW0+LYujdjUgJJuwesP4EjIBl/N/TcOX3IvIHJQNsAqvV2CHIogsmA94BPG6jZATS4Hi+xv4SkBBQSt1N4/g==",
			"cpu": [
				"arm64"
			],
			"dev": true,
			"license": "MIT OR Apache-2.0",
			"optional": true,
			"os": [
				"linux"
			],
			"engines": {
				"node": ">=14.21.3"
			}
		},
		"node_modules/@biomejs/cli-linux-arm64-musl": {
			"version": "1.9.4",
			"resolved": "https://registry.npmjs.org/@biomejs/cli-linux-arm64-musl/-/cli-linux-arm64-musl-1.9.4.tgz",
			"integrity": "sha512-v665Ct9WCRjGa8+kTr0CzApU0+XXtRgwmzIf1SeKSGAv+2scAlW6JR5PMFo6FzqqZ64Po79cKODKf3/AAmECqA==",
			"cpu": [
				"arm64"
			],
			"dev": true,
			"license": "MIT OR Apache-2.0",
			"optional": true,
			"os": [
				"linux"
			],
			"engines": {
				"node": ">=14.21.3"
			}
		},
		"node_modules/@biomejs/cli-linux-x64": {
			"version": "1.9.4",
			"resolved": "https://registry.npmjs.org/@biomejs/cli-linux-x64/-/cli-linux-x64-1.9.4.tgz",
			"integrity": "sha512-lRCJv/Vi3Vlwmbd6K+oQ0KhLHMAysN8lXoCI7XeHlxaajk06u7G+UsFSO01NAs5iYuWKmVZjmiOzJ0OJmGsMwg==",
			"cpu": [
				"x64"
			],
			"dev": true,
			"license": "MIT OR Apache-2.0",
			"optional": true,
			"os": [
				"linux"
			],
			"engines": {
				"node": ">=14.21.3"
			}
		},
		"node_modules/@biomejs/cli-linux-x64-musl": {
			"version": "1.9.4",
			"resolved": "https://registry.npmjs.org/@biomejs/cli-linux-x64-musl/-/cli-linux-x64-musl-1.9.4.tgz",
			"integrity": "sha512-gEhi/jSBhZ2m6wjV530Yy8+fNqG8PAinM3oV7CyO+6c3CEh16Eizm21uHVsyVBEB6RIM8JHIl6AGYCv6Q6Q9Tg==",
			"cpu": [
				"x64"
			],
			"dev": true,
			"license": "MIT OR Apache-2.0",
			"optional": true,
			"os": [
				"linux"
			],
			"engines": {
				"node": ">=14.21.3"
			}
		},
		"node_modules/@biomejs/cli-win32-arm64": {
			"version": "1.9.4",
			"resolved": "https://registry.npmjs.org/@biomejs/cli-win32-arm64/-/cli-win32-arm64-1.9.4.tgz",
			"integrity": "sha512-tlbhLk+WXZmgwoIKwHIHEBZUwxml7bRJgk0X2sPyNR3S93cdRq6XulAZRQJ17FYGGzWne0fgrXBKpl7l4M87Hg==",
			"cpu": [
				"arm64"
			],
			"dev": true,
			"license": "MIT OR Apache-2.0",
			"optional": true,
			"os": [
				"win32"
			],
			"engines": {
				"node": ">=14.21.3"
			}
		},
		"node_modules/@biomejs/cli-win32-x64": {
			"version": "1.9.4",
			"resolved": "https://registry.npmjs.org/@biomejs/cli-win32-x64/-/cli-win32-x64-1.9.4.tgz",
			"integrity": "sha512-8Y5wMhVIPaWe6jw2H+KlEm4wP/f7EW3810ZLmDlrEEy5KvBsb9ECEfu/kMWD484ijfQ8+nIi0giMgu9g1UAuuA==",
			"cpu": [
				"x64"
			],
			"dev": true,
			"license": "MIT OR Apache-2.0",
			"optional": true,
			"os": [
				"win32"
			],
			"engines": {
				"node": ">=14.21.3"
			}
		},
		"node_modules/@chevrotain/cst-dts-gen": {
			"version": "11.0.3",
			"resolved": "https://registry.npmjs.org/@chevrotain/cst-dts-gen/-/cst-dts-gen-11.0.3.tgz",
			"integrity": "sha512-BvIKpRLeS/8UbfxXxgC33xOumsacaeCKAjAeLyOn7Pcp95HiRbrpl14S+9vaZLolnbssPIUuiUd8IvgkRyt6NQ==",
			"license": "Apache-2.0",
			"dependencies": {
				"@chevrotain/gast": "11.0.3",
				"@chevrotain/types": "11.0.3",
				"lodash-es": "4.17.21"
			}
		},
		"node_modules/@chevrotain/gast": {
			"version": "11.0.3",
			"resolved": "https://registry.npmjs.org/@chevrotain/gast/-/gast-11.0.3.tgz",
			"integrity": "sha512-+qNfcoNk70PyS/uxmj3li5NiECO+2YKZZQMbmjTqRI3Qchu8Hig/Q9vgkHpI3alNjr7M+a2St5pw5w5F6NL5/Q==",
			"license": "Apache-2.0",
			"dependencies": {
				"@chevrotain/types": "11.0.3",
				"lodash-es": "4.17.21"
			}
		},
		"node_modules/@chevrotain/regexp-to-ast": {
			"version": "11.0.3",
			"resolved": "https://registry.npmjs.org/@chevrotain/regexp-to-ast/-/regexp-to-ast-11.0.3.tgz",
			"integrity": "sha512-1fMHaBZxLFvWI067AVbGJav1eRY7N8DDvYCTwGBiE/ytKBgP8azTdgyrKyWZ9Mfh09eHWb5PgTSO8wi7U824RA==",
			"license": "Apache-2.0"
		},
		"node_modules/@chevrotain/types": {
			"version": "11.0.3",
			"resolved": "https://registry.npmjs.org/@chevrotain/types/-/types-11.0.3.tgz",
			"integrity": "sha512-gsiM3G8b58kZC2HaWR50gu6Y1440cHiJ+i3JUvcp/35JchYejb2+5MVeJK0iKThYpAa/P2PYFV4hoi44HD+aHQ==",
			"license": "Apache-2.0"
		},
		"node_modules/@chevrotain/utils": {
			"version": "11.0.3",
			"resolved": "https://registry.npmjs.org/@chevrotain/utils/-/utils-11.0.3.tgz",
			"integrity": "sha512-YslZMgtJUyuMbZ+aKvfF3x1f5liK4mWNxghFRv7jqRR9C3R3fAOGTTKvxXDa2Y1s9zSbcpuO0cAxDYsc9SrXoQ==",
			"license": "Apache-2.0"
		},
		"node_modules/@jridgewell/sourcemap-codec": {
			"version": "1.5.0",
			"resolved": "https://registry.npmjs.org/@jridgewell/sourcemap-codec/-/sourcemap-codec-1.5.0.tgz",
			"integrity": "sha512-gv3ZRaISU3fjPAgNsriBRqGWQL6quFx04YMPW/zD8XMLsU32mhCCbfbO6KZFLjvYpCZ8zyDEgqsgf+PwPaM7GQ==",
			"dev": true,
			"license": "MIT"
		},
		"node_modules/@module-federation/error-codes": {
			"version": "0.11.2",
			"resolved": "https://registry.npmjs.org/@module-federation/error-codes/-/error-codes-0.11.2.tgz",
			"integrity": "sha512-ik1Qnn0I+WyEdprTck9WGlH41vGsVdUg8cfO+ZM02qOb2cZm5Vu3SlxGAobj6g7uAj0g8yINnd7h7Dci40BxQA==",
			"dev": true,
			"license": "MIT"
		},
		"node_modules/@module-federation/runtime": {
			"version": "0.11.2",
			"resolved": "https://registry.npmjs.org/@module-federation/runtime/-/runtime-0.11.2.tgz",
			"integrity": "sha512-Ya9u/L6z2LvhgpqxuKCB7LcigIIRf1BbaxAZIH7mzbq/A7rZtTP7v+73E433jvgiAlbAfPSZkeoYGele6hfRwA==",
			"dev": true,
			"license": "MIT",
			"dependencies": {
				"@module-federation/error-codes": "0.11.2",
				"@module-federation/runtime-core": "0.11.2",
				"@module-federation/sdk": "0.11.2"
			}
		},
		"node_modules/@module-federation/runtime-core": {
			"version": "0.11.2",
			"resolved": "https://registry.npmjs.org/@module-federation/runtime-core/-/runtime-core-0.11.2.tgz",
			"integrity": "sha512-dia5kKybi6MFU0s5PgglJwN27k7n9Sf69Cy5xZ4BWaP0qlaXTsxHKO0PECHNt2Pt8jDdyU29sQ4DwAQfxpnXJQ==",
			"dev": true,
			"license": "MIT",
			"dependencies": {
				"@module-federation/error-codes": "0.11.2",
				"@module-federation/sdk": "0.11.2"
			}
		},
		"node_modules/@module-federation/runtime-tools": {
			"version": "0.11.2",
			"resolved": "https://registry.npmjs.org/@module-federation/runtime-tools/-/runtime-tools-0.11.2.tgz",
			"integrity": "sha512-4MJTGAxVq6vxQRkTtTlH7Mm9AVqgn0X9kdu+7RsL7T/qU+jeYsbrntN2CWG3GVVA8r5JddXyTI1iJ0VXQZLV1w==",
			"dev": true,
			"license": "MIT",
			"dependencies": {
				"@module-federation/runtime": "0.11.2",
				"@module-federation/webpack-bundler-runtime": "0.11.2"
			}
		},
		"node_modules/@module-federation/sdk": {
			"version": "0.11.2",
			"resolved": "https://registry.npmjs.org/@module-federation/sdk/-/sdk-0.11.2.tgz",
			"integrity": "sha512-SBFe5xOamluT900J4AGBx+2/kCH/JbfqXoUwPSAC6PRzb8Y7LB0posnOGzmqYsLZXT37vp3d6AmJDsVoajDqxw==",
			"dev": true,
			"license": "MIT"
		},
		"node_modules/@module-federation/webpack-bundler-runtime": {
			"version": "0.11.2",
			"resolved": "https://registry.npmjs.org/@module-federation/webpack-bundler-runtime/-/webpack-bundler-runtime-0.11.2.tgz",
			"integrity": "sha512-WdwIE6QF+MKs/PdVu0cKPETF743JB9PZ62/qf7Uo3gU4fjsUMc37RnbJZ/qB60EaHHfjwp1v6NnhZw1r4eVsnw==",
			"dev": true,
			"license": "MIT",
			"dependencies": {
				"@module-federation/runtime": "0.11.2",
				"@module-federation/sdk": "0.11.2"
			}
		},
		"node_modules/@playwright/test": {
			"version": "1.52.0",
			"resolved": "https://registry.npmjs.org/@playwright/test/-/test-1.52.0.tgz",
			"integrity": "sha512-uh6W7sb55hl7D6vsAeA+V2p5JnlAqzhqFyF0VcJkKZXkgnFcVG9PziERRHQfPLfNGx1C292a4JqbWzhR8L4R1g==",
			"dev": true,
			"license": "Apache-2.0",
			"dependencies": {
				"playwright": "1.52.0"
			},
			"bin": {
				"playwright": "cli.js"
			},
			"engines": {
				"node": ">=18"
			}
		},
		"node_modules/@rsbuild/core": {
			"version": "1.3.9",
			"resolved": "https://registry.npmjs.org/@rsbuild/core/-/core-1.3.9.tgz",
			"integrity": "sha512-HnMv2sJA2EZuFhmNg9qULA/O7c2v8niWbp2Khm68SrGToFgYLgfw5qHDBU5tXn/2XljUQ/EEaLQmbZ6Vxwlm9Q==",
			"dev": true,
			"license": "MIT",
			"dependencies": {
				"@rspack/core": "1.3.5",
				"@rspack/lite-tapable": "~1.0.1",
				"@swc/helpers": "^0.5.17",
				"core-js": "~3.41.0",
				"jiti": "^2.4.2"
			},
			"bin": {
				"rsbuild": "bin/rsbuild.js"
			},
			"engines": {
				"node": ">=16.10.0"
			}
		},
		"node_modules/@rslib/core": {
			"version": "0.1.0",
			"resolved": "https://registry.npmjs.org/@rslib/core/-/core-0.1.0.tgz",
			"integrity": "sha512-CGtHgTgj8BSWdQB7yCpGjr5dd37Y7jj/IH6rAtrYbTJR0/o7dm4QqygdwjR8MHBlD9fYTGu7uWbKRdh6qYXPTw==",
			"dev": true,
			"license": "MIT",
			"dependencies": {
				"@rsbuild/core": "~1.1.4",
				"rsbuild-plugin-dts": "0.1.0",
				"tinyglobby": "^0.2.10"
			},
			"bin": {
				"rslib": "bin/rslib.js"
			},
			"engines": {
				"node": ">=16.0.0"
			},
			"peerDependencies": {
				"@microsoft/api-extractor": "^7",
				"typescript": "^5"
			},
			"peerDependenciesMeta": {
				"@microsoft/api-extractor": {
					"optional": true
				},
				"typescript": {
					"optional": true
				}
			}
		},
		"node_modules/@rslib/core/node_modules/@module-federation/runtime": {
			"version": "0.5.1",
			"resolved": "https://registry.npmjs.org/@module-federation/runtime/-/runtime-0.5.1.tgz",
			"integrity": "sha512-xgiMUWwGLWDrvZc9JibuEbXIbhXg6z2oUkemogSvQ4LKvrl/n0kbqP1Blk669mXzyWbqtSp6PpvNdwaE1aN5xQ==",
			"dev": true,
			"license": "MIT",
			"dependencies": {
				"@module-federation/sdk": "0.5.1"
			}
		},
		"node_modules/@rslib/core/node_modules/@module-federation/runtime-tools": {
			"version": "0.5.1",
			"resolved": "https://registry.npmjs.org/@module-federation/runtime-tools/-/runtime-tools-0.5.1.tgz",
			"integrity": "sha512-nfBedkoZ3/SWyO0hnmaxuz0R0iGPSikHZOAZ0N/dVSQaIzlffUo35B5nlC2wgWIc0JdMZfkwkjZRrnuuDIJbzg==",
			"dev": true,
			"license": "MIT",
			"dependencies": {
				"@module-federation/runtime": "0.5.1",
				"@module-federation/webpack-bundler-runtime": "0.5.1"
			}
		},
		"node_modules/@rslib/core/node_modules/@module-federation/sdk": {
			"version": "0.5.1",
			"resolved": "https://registry.npmjs.org/@module-federation/sdk/-/sdk-0.5.1.tgz",
			"integrity": "sha512-exvchtjNURJJkpqjQ3/opdbfeT2wPKvrbnGnyRkrwW5o3FH1LaST1tkiNviT6OXTexGaVc2DahbdniQHVtQ7pA==",
			"dev": true,
			"license": "MIT"
		},
		"node_modules/@rslib/core/node_modules/@module-federation/webpack-bundler-runtime": {
			"version": "0.5.1",
			"resolved": "https://registry.npmjs.org/@module-federation/webpack-bundler-runtime/-/webpack-bundler-runtime-0.5.1.tgz",
			"integrity": "sha512-mMhRFH0k2VjwHt3Jol9JkUsmI/4XlrAoBG3E0o7HoyoPYv1UFOWyqAflfANcUPgbYpvqmyLzDcO+3IT36LXnrA==",
			"dev": true,
			"license": "MIT",
			"dependencies": {
				"@module-federation/runtime": "0.5.1",
				"@module-federation/sdk": "0.5.1"
			}
		},
		"node_modules/@rslib/core/node_modules/@rsbuild/core": {
			"version": "1.1.14",
			"resolved": "https://registry.npmjs.org/@rsbuild/core/-/core-1.1.14.tgz",
			"integrity": "sha512-CHq8LpCMqLLMSq+UeTsmp0keiywovDl2SH521PLG2URWQqcwRn//6VXLYymnyOYELBbc8sVRn++DxqoBrDZ2Zg==",
			"dev": true,
			"license": "MIT",
			"dependencies": {
				"@rspack/core": "1.1.8",
				"@rspack/lite-tapable": "~1.0.1",
				"@swc/helpers": "^0.5.15",
				"core-js": "~3.39.0"
			},
			"bin": {
				"rsbuild": "bin/rsbuild.js"
			},
			"engines": {
				"node": ">=16.7.0"
			}
		},
		"node_modules/@rslib/core/node_modules/@rspack/binding": {
			"version": "1.1.8",
			"resolved": "https://registry.npmjs.org/@rspack/binding/-/binding-1.1.8.tgz",
			"integrity": "sha512-+/JzXx1HctfgPj+XtsCTbRkxiaOfAXGZZLEvs7jgp04WgWRSZ5u97WRCePNPvy+sCfOEH/2zw2ZK36Z7oQRGhQ==",
			"dev": true,
			"license": "MIT",
			"optionalDependencies": {
				"@rspack/binding-darwin-arm64": "1.1.8",
				"@rspack/binding-darwin-x64": "1.1.8",
				"@rspack/binding-linux-arm64-gnu": "1.1.8",
				"@rspack/binding-linux-arm64-musl": "1.1.8",
				"@rspack/binding-linux-x64-gnu": "1.1.8",
				"@rspack/binding-linux-x64-musl": "1.1.8",
				"@rspack/binding-win32-arm64-msvc": "1.1.8",
				"@rspack/binding-win32-ia32-msvc": "1.1.8",
				"@rspack/binding-win32-x64-msvc": "1.1.8"
			}
		},
		"node_modules/@rslib/core/node_modules/@rspack/binding-darwin-arm64": {
			"version": "1.1.8",
			"resolved": "https://registry.npmjs.org/@rspack/binding-darwin-arm64/-/binding-darwin-arm64-1.1.8.tgz",
			"integrity": "sha512-I7avr471ghQ3LAqKm2fuXuJPLgQ9gffn5Q4nHi8rsukuZUtiLDPfYzK1QuupEp2JXRWM1gG5lIbSUOht3cD6Ug==",
			"cpu": [
				"arm64"
			],
			"dev": true,
			"license": "MIT",
			"optional": true,
			"os": [
				"darwin"
			]
		},
		"node_modules/@rslib/core/node_modules/@rspack/binding-darwin-x64": {
			"version": "1.1.8",
			"resolved": "https://registry.npmjs.org/@rspack/binding-darwin-x64/-/binding-darwin-x64-1.1.8.tgz",
			"integrity": "sha512-vfqf/c+mcx8rr1M8LnqKmzDdnrgguflZnjGerBLjNerAc+dcUp3lCvNxRIvZ2TkSZZBW8BpCMgjj3n70CZ4VLQ==",
			"cpu": [
				"x64"
			],
			"dev": true,
			"license": "MIT",
			"optional": true,
			"os": [
				"darwin"
			]
		},
		"node_modules/@rslib/core/node_modules/@rspack/binding-linux-arm64-gnu": {
			"version": "1.1.8",
			"resolved": "https://registry.npmjs.org/@rspack/binding-linux-arm64-gnu/-/binding-linux-arm64-gnu-1.1.8.tgz",
			"integrity": "sha512-lZlO/rAJSeozi+qtVLkGSXfe+riPawCwM4FsrflELfNlvvEXpANwtrdJ+LsaNVXcgvhh50ZX2KicTdmx9G2b6Q==",
			"cpu": [
				"arm64"
			],
			"dev": true,
			"license": "MIT",
			"optional": true,
			"os": [
				"linux"
			]
		},
		"node_modules/@rslib/core/node_modules/@rspack/binding-linux-arm64-musl": {
			"version": "1.1.8",
			"resolved": "https://registry.npmjs.org/@rspack/binding-linux-arm64-musl/-/binding-linux-arm64-musl-1.1.8.tgz",
			"integrity": "sha512-bX7exULSZwy8xtDh6Z65b6sRC4uSxGuyvSLCEKyhmG6AnJkg0gQMxk3hoO0hWnyGEZgdJEn+jEhk0fjl+6ZRAQ==",
			"cpu": [
				"arm64"
			],
			"dev": true,
			"license": "MIT",
			"optional": true,
			"os": [
				"linux"
			]
		},
		"node_modules/@rslib/core/node_modules/@rspack/binding-linux-x64-gnu": {
			"version": "1.1.8",
			"resolved": "https://registry.npmjs.org/@rspack/binding-linux-x64-gnu/-/binding-linux-x64-gnu-1.1.8.tgz",
			"integrity": "sha512-2Prw2USgTJ3aLdLExfik8pAwAHbX4MZrACBGEmR7Vbb56kLjC+++fXkciRc50pUDK4JFr1VQ7eNZrJuDR6GG6Q==",
			"cpu": [
				"x64"
			],
			"dev": true,
			"license": "MIT",
			"optional": true,
			"os": [
				"linux"
			]
		},
		"node_modules/@rslib/core/node_modules/@rspack/binding-linux-x64-musl": {
			"version": "1.1.8",
			"resolved": "https://registry.npmjs.org/@rspack/binding-linux-x64-musl/-/binding-linux-x64-musl-1.1.8.tgz",
			"integrity": "sha512-bnVGB/mQBKEdzOU/CPmcOE3qEXxGOGGW7/i6iLl2MamVOykJq8fYjL9j86yi6L0r009ja16OgWckykQGc4UqGw==",
			"cpu": [
				"x64"
			],
			"dev": true,
			"license": "MIT",
			"optional": true,
			"os": [
				"linux"
			]
		},
		"node_modules/@rslib/core/node_modules/@rspack/binding-win32-arm64-msvc": {
			"version": "1.1.8",
			"resolved": "https://registry.npmjs.org/@rspack/binding-win32-arm64-msvc/-/binding-win32-arm64-msvc-1.1.8.tgz",
			"integrity": "sha512-u+na3gxhzeksm4xZyAzn1+XWo5a5j7hgWA/KcFPDQ8qQNkRknx4jnQMxVtcZ9pLskAYV4AcOV/AIximx7zvv8A==",
			"cpu": [
				"arm64"
			],
			"dev": true,
			"license": "MIT",
			"optional": true,
			"os": [
				"win32"
			]
		},
		"node_modules/@rslib/core/node_modules/@rspack/binding-win32-ia32-msvc": {
			"version": "1.1.8",
			"resolved": "https://registry.npmjs.org/@rspack/binding-win32-ia32-msvc/-/binding-win32-ia32-msvc-1.1.8.tgz",
			"integrity": "sha512-FijUxym1INd5fFHwVCLuVP8XEAb4Sk1sMwEEQUlugiDra9ZsLaPw4OgPGxbxkD6SB0DeUz9Zq46Xbcf6d3OgfA==",
			"cpu": [
				"ia32"
			],
			"dev": true,
			"license": "MIT",
			"optional": true,
			"os": [
				"win32"
			]
		},
		"node_modules/@rslib/core/node_modules/@rspack/binding-win32-x64-msvc": {
			"version": "1.1.8",
			"resolved": "https://registry.npmjs.org/@rspack/binding-win32-x64-msvc/-/binding-win32-x64-msvc-1.1.8.tgz",
			"integrity": "sha512-SBzIcND4qpDt71jlu1MCDxt335tqInT3YID9V4DoQ4t8wgM/uad7EgKOWKTK6vc2RRaOIShfS2XzqjNUxPXh4w==",
			"cpu": [
				"x64"
			],
			"dev": true,
			"license": "MIT",
			"optional": true,
			"os": [
				"win32"
			]
		},
		"node_modules/@rslib/core/node_modules/@rspack/core": {
			"version": "1.1.8",
			"resolved": "https://registry.npmjs.org/@rspack/core/-/core-1.1.8.tgz",
			"integrity": "sha512-pcZtcj5iXLCuw9oElTYC47bp/RQADm/MMEb3djHdwJuSlFWfWPQi5QFgJ/lJAxIW9UNHnTFrYtytycfjpuoEcA==",
			"dev": true,
			"license": "MIT",
			"dependencies": {
				"@module-federation/runtime-tools": "0.5.1",
				"@rspack/binding": "1.1.8",
				"@rspack/lite-tapable": "1.0.1",
				"caniuse-lite": "^1.0.30001616"
			},
			"engines": {
				"node": ">=16.0.0"
			},
			"peerDependencies": {
				"@swc/helpers": ">=0.5.1"
			},
			"peerDependenciesMeta": {
				"@swc/helpers": {
					"optional": true
				}
			}
		},
		"node_modules/@rslib/core/node_modules/core-js": {
			"version": "3.39.0",
			"resolved": "https://registry.npmjs.org/core-js/-/core-js-3.39.0.tgz",
			"integrity": "sha512-raM0ew0/jJUqkJ0E6e8UDtl+y/7ktFivgWvqw8dNSQeNWoSDLvQ1H/RN3aPXB9tBd4/FhyR4RDPGhsNIMsAn7g==",
			"dev": true,
			"hasInstallScript": true,
			"license": "MIT",
			"funding": {
				"type": "opencollective",
				"url": "https://opencollective.com/core-js"
			}
		},
		"node_modules/@rspack/binding": {
			"version": "1.3.5",
			"resolved": "https://registry.npmjs.org/@rspack/binding/-/binding-1.3.5.tgz",
			"integrity": "sha512-2oluCT+iBnTg0w7XfR8AmfkvgMPSuqEndzhrlHY//qgyyI04CW1lCMgsh+9wcSOUWUKYSOMCiGiVlYFtae5Lcg==",
			"dev": true,
			"license": "MIT",
			"optionalDependencies": {
				"@rspack/binding-darwin-arm64": "1.3.5",
				"@rspack/binding-darwin-x64": "1.3.5",
				"@rspack/binding-linux-arm64-gnu": "1.3.5",
				"@rspack/binding-linux-arm64-musl": "1.3.5",
				"@rspack/binding-linux-x64-gnu": "1.3.5",
				"@rspack/binding-linux-x64-musl": "1.3.5",
				"@rspack/binding-win32-arm64-msvc": "1.3.5",
				"@rspack/binding-win32-ia32-msvc": "1.3.5",
				"@rspack/binding-win32-x64-msvc": "1.3.5"
			}
		},
		"node_modules/@rspack/binding-darwin-arm64": {
			"version": "1.3.5",
			"resolved": "https://registry.npmjs.org/@rspack/binding-darwin-arm64/-/binding-darwin-arm64-1.3.5.tgz",
			"integrity": "sha512-bhqi9nZ0jrlQc/YgTklzD02y0E8Emdrov6HLcxt/Dzwq5SZryl4Ik8yc/8E1M0PWNkr09+TO8i1Zc51z0Gfu2g==",
			"cpu": [
				"arm64"
			],
			"dev": true,
			"license": "MIT",
			"optional": true,
			"os": [
				"darwin"
			]
		},
		"node_modules/@rspack/binding-darwin-x64": {
			"version": "1.3.5",
			"resolved": "https://registry.npmjs.org/@rspack/binding-darwin-x64/-/binding-darwin-x64-1.3.5.tgz",
			"integrity": "sha512-ysNn7bd/5NdVb0mTDBQl+D9GypCSS7FJoJJEeSpPcN01zFF8lRUsvdbOvzrG/CUBA2qbeWhwZvG2eKOy3p2NRA==",
			"cpu": [
				"x64"
			],
			"dev": true,
			"license": "MIT",
			"optional": true,
			"os": [
				"darwin"
			]
		},
		"node_modules/@rspack/binding-linux-arm64-gnu": {
			"version": "1.3.5",
			"resolved": "https://registry.npmjs.org/@rspack/binding-linux-arm64-gnu/-/binding-linux-arm64-gnu-1.3.5.tgz",
			"integrity": "sha512-oEfPjYx3RVsMeHG/kI9k96nLJUQhYfQS9HUKS37Ko3RWC84qTuzMAAdWIXE9ys8GHwpks7pL953AfYNK5PLhPw==",
			"cpu": [
				"arm64"
			],
			"dev": true,
			"license": "MIT",
			"optional": true,
			"os": [
				"linux"
			]
		},
		"node_modules/@rspack/binding-linux-arm64-musl": {
			"version": "1.3.5",
			"resolved": "https://registry.npmjs.org/@rspack/binding-linux-arm64-musl/-/binding-linux-arm64-musl-1.3.5.tgz",
			"integrity": "sha512-4cUoxd8nGsCCnqWBqortJRF+VKWzUm7ac9YRMQ+wpoL5i0abcQf8GqeilsNtRBRNqAlAh3mfgRlyeZgWvoS44g==",
			"cpu": [
				"arm64"
			],
			"dev": true,
			"license": "MIT",
			"optional": true,
			"os": [
				"linux"
			]
		},
		"node_modules/@rspack/binding-linux-x64-gnu": {
			"version": "1.3.5",
			"resolved": "https://registry.npmjs.org/@rspack/binding-linux-x64-gnu/-/binding-linux-x64-gnu-1.3.5.tgz",
			"integrity": "sha512-JehI/z61Y9wwkcTxbAdPtjUnAyyAUCJZOqP3FwQTAd2gBFG/8k7v1quGwrfOLsCLOcT3azbd8YFoHmkveGQayQ==",
			"cpu": [
				"x64"
			],
			"dev": true,
			"license": "MIT",
			"optional": true,
			"os": [
				"linux"
			]
		},
		"node_modules/@rspack/binding-linux-x64-musl": {
			"version": "1.3.5",
			"resolved": "https://registry.npmjs.org/@rspack/binding-linux-x64-musl/-/binding-linux-x64-musl-1.3.5.tgz",
			"integrity": "sha512-t8BqaOXrqIXZHTrz4ItX/m6BOvbBkeb7qTewlkN5mMHtPAF/Xg203rQ814VXx59kjgGF7i79PXIK2dQxHnCYDA==",
			"cpu": [
				"x64"
			],
			"dev": true,
			"license": "MIT",
			"optional": true,
			"os": [
				"linux"
			]
		},
		"node_modules/@rspack/binding-win32-arm64-msvc": {
			"version": "1.3.5",
			"resolved": "https://registry.npmjs.org/@rspack/binding-win32-arm64-msvc/-/binding-win32-arm64-msvc-1.3.5.tgz",
			"integrity": "sha512-k9vf/WgEwxtXzV4la1H6eL07GIlvNjdPdvo1AJZdu0Zcnm600Kv5NSBjySJCp3zUHIKkCE9A0+ibifqbliG0fw==",
			"cpu": [
				"arm64"
			],
			"dev": true,
			"license": "MIT",
			"optional": true,
			"os": [
				"win32"
			]
		},
		"node_modules/@rspack/binding-win32-ia32-msvc": {
			"version": "1.3.5",
			"resolved": "https://registry.npmjs.org/@rspack/binding-win32-ia32-msvc/-/binding-win32-ia32-msvc-1.3.5.tgz",
			"integrity": "sha512-dGfGJySHC/ktbNkK/FY2vEpFNK4UT+fgChhmUxIyQaHWjloFGVmEr6NttS0GtdtvblfF3tTzkTe9pGMIkdlegw==",
			"cpu": [
				"ia32"
			],
			"dev": true,
			"license": "MIT",
			"optional": true,
			"os": [
				"win32"
			]
		},
		"node_modules/@rspack/binding-win32-x64-msvc": {
			"version": "1.3.5",
			"resolved": "https://registry.npmjs.org/@rspack/binding-win32-x64-msvc/-/binding-win32-x64-msvc-1.3.5.tgz",
			"integrity": "sha512-GujYFTr043jse5gdvofsRvltkH/E8G5h3Yu9JG/+6EyQpFJebYm/NpRQrOyqZLIQP39+tbdViTfW4nOpUuurNA==",
			"cpu": [
				"x64"
			],
			"dev": true,
			"license": "MIT",
			"optional": true,
			"os": [
				"win32"
			]
		},
		"node_modules/@rspack/core": {
			"version": "1.3.5",
			"resolved": "https://registry.npmjs.org/@rspack/core/-/core-1.3.5.tgz",
			"integrity": "sha512-PwIpzXj9wjHM0Ohq6geIKPoh3yNb5oSK74gqzs0plR7pTYLbhrjG/1DSV/JLFF4C5WCpLHHiDEX5E0IYm2Aqeg==",
			"dev": true,
			"license": "MIT",
			"dependencies": {
				"@module-federation/runtime-tools": "0.11.2",
				"@rspack/binding": "1.3.5",
				"@rspack/lite-tapable": "1.0.1",
				"caniuse-lite": "^1.0.30001707"
			},
			"engines": {
				"node": ">=16.0.0"
			},
			"peerDependencies": {
				"@rspack/tracing": "^1.x",
				"@swc/helpers": ">=0.5.1"
			},
			"peerDependenciesMeta": {
				"@rspack/tracing": {
					"optional": true
				},
				"@swc/helpers": {
					"optional": true
				}
			}
		},
		"node_modules/@rspack/lite-tapable": {
			"version": "1.0.1",
			"resolved": "https://registry.npmjs.org/@rspack/lite-tapable/-/lite-tapable-1.0.1.tgz",
			"integrity": "sha512-VynGOEsVw2s8TAlLf/uESfrgfrq2+rcXB1muPJYBWbsm1Oa6r5qVQhjA5ggM6z/coYPrsVMgovl3Ff7Q7OCp1w==",
			"dev": true,
			"license": "MIT",
			"engines": {
				"node": ">=16.0.0"
			}
		},
		"node_modules/@swc/helpers": {
			"version": "0.5.17",
			"resolved": "https://registry.npmjs.org/@swc/helpers/-/helpers-0.5.17.tgz",
			"integrity": "sha512-5IKx/Y13RsYd+sauPb2x+U/xZikHjolzfuDgTAl/Tdf3Q8rslRvC19NKDLgAJQ6wsqADk10ntlv08nPFw/gO/A==",
			"dev": true,
			"license": "Apache-2.0",
			"dependencies": {
				"tslib": "^2.8.0"
			}
		},
		"node_modules/@types/cross-spawn": {
			"version": "6.0.6",
			"resolved": "https://registry.npmjs.org/@types/cross-spawn/-/cross-spawn-6.0.6.tgz",
			"integrity": "sha512-fXRhhUkG4H3TQk5dBhQ7m/JDdSNHKwR2BBia62lhwEIq9xGiQKLxd6LymNhn47SjXhsUEPmxi+PKw2OkW4LLjA==",
			"dev": true,
			"license": "MIT",
			"dependencies": {
				"@types/node": "*"
			}
		},
		"node_modules/@types/node": {
			"version": "22.14.1",
			"resolved": "https://registry.npmjs.org/@types/node/-/node-22.14.1.tgz",
			"integrity": "sha512-u0HuPQwe/dHrItgHHpmw3N2fYCR6x4ivMNbPHRkBVP4CvN+kiRrKHWk3i8tXiO/joPwXLMYvF9TTF0eqgHIuOw==",
			"dev": true,
			"license": "MIT",
			"dependencies": {
				"undici-types": "~6.21.0"
			}
		},
		"node_modules/caniuse-lite": {
			"version": "1.0.30001715",
			"resolved": "https://registry.npmjs.org/caniuse-lite/-/caniuse-lite-1.0.30001715.tgz",
			"integrity": "sha512-7ptkFGMm2OAOgvZpwgA4yjQ5SQbrNVGdRjzH0pBdy1Fasvcr+KAeECmbCAECzTuDuoX0FCY8KzUxjf9+9kfZEw==",
			"dev": true,
			"funding": [
				{
					"type": "opencollective",
					"url": "https://opencollective.com/browserslist"
				},
				{
					"type": "tidelift",
					"url": "https://tidelift.com/funding/github/npm/caniuse-lite"
				},
				{
					"type": "github",
					"url": "https://github.com/sponsors/ai"
				}
			],
			"license": "CC-BY-4.0"
		},
		"node_modules/chevrotain": {
			"version": "11.0.3",
			"resolved": "https://registry.npmjs.org/chevrotain/-/chevrotain-11.0.3.tgz",
			"integrity": "sha512-ci2iJH6LeIkvP9eJW6gpueU8cnZhv85ELY8w8WiFtNjMHA5ad6pQLaJo9mEly/9qUyCpvqX8/POVUTf18/HFdw==",
			"license": "Apache-2.0",
			"dependencies": {
				"@chevrotain/cst-dts-gen": "11.0.3",
				"@chevrotain/gast": "11.0.3",
				"@chevrotain/regexp-to-ast": "11.0.3",
				"@chevrotain/types": "11.0.3",
				"@chevrotain/utils": "11.0.3",
				"lodash-es": "4.17.21"
			}
		},
		"node_modules/core-js": {
			"version": "3.41.0",
			"resolved": "https://registry.npmjs.org/core-js/-/core-js-3.41.0.tgz",
			"integrity": "sha512-SJ4/EHwS36QMJd6h/Rg+GyR4A5xE0FSI3eZ+iBVpfqf1x0eTSg1smWLHrA+2jQThZSh97fmSgFSU8B61nxosxA==",
			"dev": true,
			"hasInstallScript": true,
			"license": "MIT",
			"funding": {
				"type": "opencollective",
				"url": "https://opencollective.com/core-js"
			}
		},
		"node_modules/core-js-pure": {
			"version": "3.41.0",
			"resolved": "https://registry.npmjs.org/core-js-pure/-/core-js-pure-3.41.0.tgz",
			"integrity": "sha512-71Gzp96T9YPk63aUvE5Q5qP+DryB4ZloUZPSOebGM88VNw8VNfvdA7z6kGA8iGOTEzAomsRidp4jXSmUIJsL+Q==",
			"hasInstallScript": true,
			"license": "MIT",
			"funding": {
				"type": "opencollective",
				"url": "https://opencollective.com/core-js"
			}
		},
		"node_modules/cross-spawn": {
			"version": "7.0.6",
			"resolved": "https://registry.npmjs.org/cross-spawn/-/cross-spawn-7.0.6.tgz",
			"integrity": "sha512-uV2QOWP2nWzsy2aMp8aRibhi9dlzF5Hgh5SHaB9OiTGEyDTiJJyx0uy51QXdyWbtAHNua4XJzUKca3OzKUd3vA==",
			"dev": true,
			"license": "MIT",
			"dependencies": {
				"path-key": "^3.1.0",
				"shebang-command": "^2.0.0",
				"which": "^2.0.1"
			},
			"engines": {
				"node": ">= 8"
			}
		},
		"node_modules/fdir": {
			"version": "6.4.4",
			"resolved": "https://registry.npmjs.org/fdir/-/fdir-6.4.4.tgz",
			"integrity": "sha512-1NZP+GK4GfuAv3PqKvxQRDMjdSRZjnkq7KfhlNrCNNlZ0ygQFpebfrnfnq/W7fpUnAv9aGWmY1zKx7FYL3gwhg==",
			"dev": true,
			"license": "MIT",
			"peerDependencies": {
				"picomatch": "^3 || ^4"
			},
			"peerDependenciesMeta": {
				"picomatch": {
					"optional": true
				}
			}
		},
		"node_modules/fsevents": {
			"version": "2.3.2",
			"resolved": "https://registry.npmjs.org/fsevents/-/fsevents-2.3.2.tgz",
			"integrity": "sha512-xiqMQR4xAeHTuB9uWm+fFRcIOgKBMiOBP+eXiyT7jsgVCq1bkVygt00oASowB7EdtpOHaaPgKt812P9ab+DDKA==",
			"dev": true,
			"hasInstallScript": true,
			"license": "MIT",
			"optional": true,
			"os": [
				"darwin"
			],
			"engines": {
				"node": "^8.16.0 || ^10.6.0 || >=11.0.0"
			}
		},
		"node_modules/isexe": {
			"version": "2.0.0",
			"resolved": "https://registry.npmjs.org/isexe/-/isexe-2.0.0.tgz",
			"integrity": "sha512-RHxMLp9lnKHGHRng9QFhRCMbYAcVpn69smSGcq3f36xjgVVWThj4qqLbTLlq7Ssj8B+fIQ1EuCEGI2lKsyQeIw==",
			"dev": true,
			"license": "ISC"
		},
		"node_modules/jiti": {
			"version": "2.4.2",
			"resolved": "https://registry.npmjs.org/jiti/-/jiti-2.4.2.tgz",
			"integrity": "sha512-rg9zJN+G4n2nfJl5MW3BMygZX56zKPNVEYYqq7adpmMh4Jn2QNEwhvQlFy6jPVdcod7txZtKHWnyZiA3a0zP7A==",
			"dev": true,
			"license": "MIT",
			"bin": {
				"jiti": "lib/jiti-cli.mjs"
			}
		},
		"node_modules/js-toml": {
			"version": "1.0.1",
			"resolved": "https://registry.npmjs.org/js-toml/-/js-toml-1.0.1.tgz",
			"integrity": "sha512-rHd/IolpFm2V5BmHCEY8CckHs8NDsYZZ64H5RNgA6Opsr9vX4QyTiQPplgtqg7b3ztqYShZC38nl6CUg7QuhXg==",
			"license": "MIT",
			"dependencies": {
				"chevrotain": "^11.0.3",
				"xregexp": "^5.1.1"
			}
		},
		"node_modules/lodash-es": {
			"version": "4.17.21",
			"resolved": "https://registry.npmjs.org/lodash-es/-/lodash-es-4.17.21.tgz",
			"integrity": "sha512-mKnC+QJ9pWVzv+C4/U3rRsHapFfHvQFoFB92e52xeyGMcX6/OlIl78je1u8vePzYZSkkogMPJ2yjxxsb89cxyw==",
			"license": "MIT"
		},
		"node_modules/magic-string": {
			"version": "0.30.17",
			"resolved": "https://registry.npmjs.org/magic-string/-/magic-string-0.30.17.tgz",
			"integrity": "sha512-sNPKHvyjVf7gyjwS4xGTaW/mCnF8wnjtifKBEhxfZ7E/S8tQ0rssrwGNn6q8JH/ohItJfSQp9mBtQYuTlH5QnA==",
			"dev": true,
			"license": "MIT",
			"dependencies": {
				"@jridgewell/sourcemap-codec": "^1.5.0"
			}
		},
		"node_modules/path-key": {
			"version": "3.1.1",
			"resolved": "https://registry.npmjs.org/path-key/-/path-key-3.1.1.tgz",
			"integrity": "sha512-ojmeN0qd+y0jszEtoY48r0Peq5dwMEkIlCOu6Q5f41lfkswXuKtYrhgoTpLnyIcHm24Uhqx+5Tqm2InSwLhE6Q==",
			"dev": true,
			"license": "MIT",
			"engines": {
				"node": ">=8"
			}
		},
		"node_modules/picocolors": {
			"version": "1.1.1",
			"resolved": "https://registry.npmjs.org/picocolors/-/picocolors-1.1.1.tgz",
			"integrity": "sha512-xceH2snhtb5M9liqDsmEw56le376mTZkEX/jEb/RxNFyegNul7eNslCXP9FDj/Lcu0X8KEyMceP2ntpaHrDEVA==",
			"dev": true,
			"license": "ISC"
		},
		"node_modules/picomatch": {
			"version": "4.0.2",
			"resolved": "https://registry.npmjs.org/picomatch/-/picomatch-4.0.2.tgz",
			"integrity": "sha512-M7BAV6Rlcy5u+m6oPhAPFgJTzAioX/6B0DxyvDlo9l8+T3nLKbrczg2WLUyzd45L8RqfUMyGPzekbMvX2Ldkwg==",
			"dev": true,
			"license": "MIT",
			"engines": {
				"node": ">=12"
			},
			"funding": {
				"url": "https://github.com/sponsors/jonschlinkert"
			}
		},
		"node_modules/playwright": {
			"version": "1.52.0",
			"resolved": "https://registry.npmjs.org/playwright/-/playwright-1.52.0.tgz",
			"integrity": "sha512-JAwMNMBlxJ2oD1kce4KPtMkDeKGHQstdpFPcPH3maElAXon/QZeTvtsfXmTMRyO9TslfoYOXkSsvao2nE1ilTw==",
			"dev": true,
			"license": "Apache-2.0",
			"dependencies": {
				"playwright-core": "1.52.0"
			},
			"bin": {
				"playwright": "cli.js"
			},
			"engines": {
				"node": ">=18"
			},
			"optionalDependencies": {
				"fsevents": "2.3.2"
			}
		},
		"node_modules/playwright-core": {
			"version": "1.52.0",
			"resolved": "https://registry.npmjs.org/playwright-core/-/playwright-core-1.52.0.tgz",
			"integrity": "sha512-l2osTgLXSMeuLZOML9qYODUQoPPnUsKsb5/P6LJ2e6uPKXUdPK5WYhN4z03G+YNbWmGDY4YENauNu4ZKczreHg==",
			"dev": true,
			"license": "Apache-2.0",
			"bin": {
				"playwright-core": "cli.js"
			},
			"engines": {
				"node": ">=18"
			}
		},
		"node_modules/regenerator-runtime": {
			"version": "0.14.1",
			"resolved": "https://registry.npmjs.org/regenerator-runtime/-/regenerator-runtime-0.14.1.tgz",
			"integrity": "sha512-dYnhHh0nJoMfnkZs6GmmhFknAGRrLznOu5nc9ML+EJxGvrx6H7teuevqVqCuPcPK//3eDrrjQhehXVx9cnkGdw==",
			"license": "MIT"
		},
		"node_modules/rsbuild-plugin-dts": {
			"version": "0.1.0",
			"resolved": "https://registry.npmjs.org/rsbuild-plugin-dts/-/rsbuild-plugin-dts-0.1.0.tgz",
			"integrity": "sha512-8HE2aGkseyrkNSPmJLVEgqIvaTDWGJYE5l6Hfrf94mFzAFcbtHOrYTr4aR/zw90x+BY3sMfE3bMBj/wR9AnxiA==",
			"dev": true,
			"license": "MIT",
			"dependencies": {
				"magic-string": "^0.30.12",
				"picocolors": "1.1.1",
				"tinyglobby": "^0.2.10"
			},
			"engines": {
				"node": ">=16.0.0"
			},
			"peerDependencies": {
				"@microsoft/api-extractor": "^7",
				"@rsbuild/core": "1.x",
				"typescript": "^5"
			},
			"peerDependenciesMeta": {
				"@microsoft/api-extractor": {
					"optional": true
				},
				"typescript": {
					"optional": true
				}
			}
		},
		"node_modules/shebang-command": {
			"version": "2.0.0",
			"resolved": "https://registry.npmjs.org/shebang-command/-/shebang-command-2.0.0.tgz",
			"integrity": "sha512-kHxr2zZpYtdmrN1qDjrrX/Z1rR1kG8Dx+gkpK1G4eXmvXswmcE1hTWBWYUzlraYw1/yZp6YuDY77YtvbN0dmDA==",
			"dev": true,
			"license": "MIT",
			"dependencies": {
				"shebang-regex": "^3.0.0"
			},
			"engines": {
				"node": ">=8"
			}
		},
		"node_modules/shebang-regex": {
			"version": "3.0.0",
			"resolved": "https://registry.npmjs.org/shebang-regex/-/shebang-regex-3.0.0.tgz",
			"integrity": "sha512-7++dFhtcx3353uBaq8DDR4NuxBetBzC7ZQOhmTQInHEd6bSrXdiEyzCvG07Z44UYdLShWUyXt5M/yhz8ekcb1A==",
			"dev": true,
			"license": "MIT",
			"engines": {
				"node": ">=8"
			}
		},
		"node_modules/tinyglobby": {
			"version": "0.2.13",
			"resolved": "https://registry.npmjs.org/tinyglobby/-/tinyglobby-0.2.13.tgz",
			"integrity": "sha512-mEwzpUgrLySlveBwEVDMKk5B57bhLPYovRfPAXD5gA/98Opn0rCDj3GtLwFvCvH5RK9uPCExUROW5NjDwvqkxw==",
			"dev": true,
			"license": "MIT",
			"dependencies": {
				"fdir": "^6.4.4",
				"picomatch": "^4.0.2"
			},
			"engines": {
				"node": ">=12.0.0"
			},
			"funding": {
				"url": "https://github.com/sponsors/SuperchupuDev"
			}
		},
		"node_modules/tslib": {
			"version": "2.8.1",
			"resolved": "https://registry.npmjs.org/tslib/-/tslib-2.8.1.tgz",
			"integrity": "sha512-oJFu94HQb+KVduSUQL7wnpmqnfmLsOA/nAh6b6EH0wCEoK0/mPeXU6c3wKDV83MkOuHPRHtSXKKU99IBazS/2w==",
			"dev": true,
			"license": "0BSD"
		},
		"node_modules/typescript": {
			"version": "5.8.3",
			"resolved": "https://registry.npmjs.org/typescript/-/typescript-5.8.3.tgz",
			"integrity": "sha512-p1diW6TqL9L07nNxvRMM7hMMw4c5XOo/1ibL4aAIGmSAt9slTE1Xgw5KWuof2uTOvCg9BY7ZRi+GaF+7sfgPeQ==",
			"license": "Apache-2.0",
			"bin": {
				"tsc": "bin/tsc",
				"tsserver": "bin/tsserver"
			},
			"engines": {
				"node": ">=14.17"
			}
		},
		"node_modules/undici-types": {
			"version": "6.21.0",
			"resolved": "https://registry.npmjs.org/undici-types/-/undici-types-6.21.0.tgz",
			"integrity": "sha512-iwDZqg0QAGrg9Rav5H4n0M64c3mkR59cJ6wQp+7C4nI0gsmExaedaYLNO44eT4AtBBwjbTiGPMlt2Md0T9H9JQ==",
			"dev": true,
			"license": "MIT"
		},
		"node_modules/which": {
			"version": "2.0.2",
			"resolved": "https://registry.npmjs.org/which/-/which-2.0.2.tgz",
			"integrity": "sha512-BLI3Tl1TW3Pvl70l3yq3Y64i+awpwXqsGBYWkkqMtnbXgrMD+yj7rhW0kuEDxzJaYXGjEW5ogapKNMEKNMjibA==",
			"dev": true,
			"license": "ISC",
			"dependencies": {
				"isexe": "^2.0.0"
			},
			"bin": {
				"node-which": "bin/node-which"
			},
			"engines": {
				"node": ">= 8"
			}
		},
		"node_modules/xregexp": {
			"version": "5.1.2",
			"resolved": "https://registry.npmjs.org/xregexp/-/xregexp-5.1.2.tgz",
			"integrity": "sha512-6hGgEMCGhqCTFEJbqmWrNIPqfpdirdGWkqshu7fFZddmTSfgv5Sn9D2SaKloR79s5VUiUlpwzg3CM3G6D3VIlw==",
			"license": "MIT",
			"dependencies": {
				"@babel/runtime-corejs3": "^7.26.9"
			}
		}
	}
}
